
Microsoft Visual Studio Solution File, Format Version 12.00
# Visual Studio Version 16
VisualStudioVersion = 16.0.32228.343
MinimumVisualStudioVersion = 10.0.40219.1
Project("{9A19103F-16F7-4668-BE54-9A1E7A4F7556}") = "McProtocol", "McProtocol\McProtocol.csproj", "{A9A60439-B6AC-490E-97AC-BA2755A3222C}"
EndProject
Project("{FAE04EC0-301F-11D3-BF4B-00C04F79EFBC}") = "WindowsFormsApp1", "WindowsFormsApp1\WindowsFormsApp1.csproj", "{8A97A5F9-D0BA-4FCE-B83E-5303FC695D33}"
EndProject
Global
	GlobalSection(SolutionConfigurationPlatforms) = preSolution
		Debug|Any CPU = Debug|Any CPU
		Release|Any CPU = Release|Any CPU
	EndGlobalSection
	GlobalSection(ProjectConfigurationPlatforms) = postSolution
		{A9A60439-B6AC-490E-97AC-BA2755A3222C}.Debug|Any CPU.ActiveCfg = Debug|Any CPU
		{A9A60439-B6AC-490E-97AC-BA2755A3222C}.Debug|Any CPU.Build.0 = Debug|Any CPU
		{A9A60439-B6AC-490E-97AC-BA2755A3222C}.Release|Any CPU.ActiveCfg = Release|Any CPU
		{A9A60439-B6AC-490E-97AC-BA2755A3222C}.Release|Any CPU.Build.0 = Release|Any CPU
		{8A97A5F9-D0BA-4FCE-B83E-5303FC695D33}.Debug|Any CPU.ActiveCfg = Debug|Any CPU
		{8A97A5F9-D0BA-4FCE-B83E-5303FC695D33}.Debug|Any CPU.Build.0 = Debug|Any CPU
		{8A97A5F9-D0BA-4FCE-B83E-5303FC695D33}.Release|Any CPU.ActiveCfg = Release|Any CPU
		{8A97A5F9-D0BA-4FCE-B83E-5303FC695D33}.Release|Any CPU.Build.0 = Release|Any CPU
	EndGlobalSection
	GlobalSection(SolutionProperties) = preSolution
		HideSolutionNode = FALSE
	EndGlobalSection
	GlobalSection(ExtensibilityGlobals) = postSolution
		SolutionGuid = {ED4D7A45-2FC6-44E1-8CB9-EE7DDEDA1DB4}
	EndGlobalSection
EndGlobal
